
Microsoft Visual Studio Solution File, Format Version 12.00
# Visual Studio Version 17
VisualStudioVersion = 17.1.32328.378
MinimumVisualStudioVersion = 10.0.40219.1
Project("{FAE04EC0-301F-11D3-BF4B-00C04F79EFBC}") = "AutoPinWindows", "AutoPinWindows\AutoPinWindows.csproj", "{41A5EDD3-0370-46CD-B8D3-2CDAAF48778E}"
EndProject
Global
	GlobalSection(SolutionConfigurationPlatforms) = preSolution
		Debug|Any CPU = Debug|Any CPU
		Release|Any CPU = Release|Any CPU
	EndGlobalSection
	GlobalSection(ProjectConfigurationPlatforms) = postSolution
		{41A5EDD3-0370-46CD-B8D3-2CDAAF48778E}.Debug|Any CPU.ActiveCfg = Debug|Any CPU
		{41A5EDD3-0370-46CD-B8D3-2CDAAF48778E}.Debug|Any CPU.Build.0 = Debug|Any CPU
		{41A5EDD3-0370-46CD-B8D3-2CDAAF48778E}.Release|Any CPU.ActiveCfg = Release|Any CPU
		{41A5EDD3-0370-46CD-B8D3-2CDAAF48778E}.Release|Any CPU.Build.0 = Release|Any CPU
	EndGlobalSection
	GlobalSection(SolutionProperties) = preSolution
		HideSolutionNode = FALSE
	EndGlobalSection
	GlobalSection(ExtensibilityGlobals) = postSolution
		SolutionGuid = {9485A175-33C0-4221-884B-768FDEC5927A}
	EndGlobalSection
EndGlobal
